{
  "version": 4,
  "terraform_version": "1.1.7",
  "serial": 5,
  "lineage": "8ab0c1cd-b6c7-b8c9-966b-2093a1340ccd",
  "outputs": {},
  "resources": [
    {
      "mode": "managed",
      "type": "github_repository",
      "name": "terrform_created_first_Repo_GSBM",
      "provider": "provider[\"registry.terraform.io/integrations/github\"]",
      "instances": [
        {
          "schema_version": 0,
          "attributes": {
            "allow_auto_merge": false,
            "allow_merge_commit": true,
            "allow_rebase_merge": true,
            "allow_squash_merge": true,
            "archive_on_destroy": null,
            "archived": false,
            "auto_init": true,
            "branches": [
              {
                "name": "main",
                "protected": false
              }
            ],
            "default_branch": "main",
            "delete_branch_on_merge": false,
            "description": "My First Github Repo from the terraform Code ",
            "etag": "W/\"02e23835e9f81892a582137925e34764d928a71f4b0b960c51463536137dff4f\"",
            "full_name": "panbhatt/TERRAFORM_GSBM_REPO",
            "git_clone_url": "git://github.com/panbhatt/TERRAFORM_GSBM_REPO.git",
            "gitignore_template": null,
            "has_downloads": false,
            "has_issues": false,
            "has_projects": false,
            "has_wiki": false,
            "homepage_url": "",
            "html_url": "https://github.com/panbhatt/TERRAFORM_GSBM_REPO",
            "http_clone_url": "https://github.com/panbhatt/TERRAFORM_GSBM_REPO.git",
            "id": "TERRAFORM_GSBM_REPO",
            "is_template": false,
            "license_template": null,
            "name": "TERRAFORM_GSBM_REPO",
            "node_id": "R_kgDOHCTT1g",
            "pages": [],
            "private": false,
            "repo_id": 472175574,
            "ssh_clone_url": "git@github.com:panbhatt/TERRAFORM_GSBM_REPO.git",
            "svn_url": "https://github.com/panbhatt/TERRAFORM_GSBM_REPO",
            "template": [],
            "topics": null,
            "visibility": "public",
            "vulnerability_alerts": false
          },
          "sensitive_attributes": [],
          "private": "bnVsbA=="
        }
      ]
    }
  ]
}
